<?xml version="1.0" encoding="utf-8"?>
<Project ToolsVersion="4.0" xmlns="http://schemas.microsoft.com/developer/msbuild/2003">
  <ItemGroup>
    <ClCompile Include="Application.cpp">
      <Filter>Source File</Filter>
    </ClCompile>
    <ClCompile Include="Conversion.cpp">
      <Filter>Source File</Filter>
    </ClCompile>
    <ClCompile Include="Main.cpp">
      <Filter>Source File</Filter>
    </ClCompile>
    <ClCompile Include="Plotter.cpp">
      <Filter>Source File</Filter>
    </ClCompile>
    <ClCompile Include="stdafx.cpp">
      <Filter>Source File</Filter>
    </ClCompile>
  </ItemGroup>
  <ItemGroup>
    <ClInclude Include="stdafx.h">
      <Filter>Header Files</Filter>
    </ClInclude>
    <ClInclude Include="Plotter.h">
      <Filter>Header Files</Filter>
    </ClInclude>
    <ClInclude Include="GLOBAL.h">
      <Filter>Header Files</Filter>
    </ClInclude>
    <ClInclude Include="Conversion.h">
      <Filter>Header Files</Filter>
    </ClInclude>
    <ClInclude Include="Application.h">
      <Filter>Header Files</Filter>
    </ClInclude>
  </ItemGroup>
  <ItemGroup>
    <Filter Include="Source File">
      <UniqueIdentifier>{1aa27c80-7d11-4877-93d6-bbc811bead2c}</UniqueIdentifier>
    </Filter>
    <Filter Include="Resource Files">
      <UniqueIdentifier>{feea215b-0242-4d51-ba49-67ab14ac3fb9}</UniqueIdentifier>
    </Filter>
    <Filter Include="Header Files">
      <UniqueIdentifier>{9505787d-7f99-4985-834c-940c60c77764}</UniqueIdentifier>
    </Filter>
  </ItemGroup>
  <ItemGroup>
    <Text Include="data\8880_Koordinatenausgabe gedrehtes Profil aus Rhino.txt">
      <Filter>Resource Files</Filter>
    </Text>
  </ItemGroup>
</Project>